// !$*UTF8*$!
{
	archiveVersion = 1;
	classes = {
	};
	objectVersion = 56;
	objects = {

/* Begin PBXBuildFile section */
		D018AD5B2C9E57DF005A14B9 /* UserGuideView.swift in Sources */ = {isa = PBXBuildFile; fileRef = D018AD5A2C9E57DF005A14B9 /* UserGuideView.swift */; };
		D018AD5D2C9E6581005A14B9 /* TurboPurchaseView.swift in Sources */ = {isa = PBXBuildFile; fileRef = D018AD5C2C9E6581005A14B9 /* TurboPurchaseView.swift */; };
		D018AD5F2C9E6976005A14B9 /* CrushPurchaseView.swift in Sources */ = {isa = PBXBuildFile; fileRef = D018AD5E2C9E6976005A14B9 /* CrushPurchaseView.swift */; };
		D018AD612C9E6ACF005A14B9 /* PraisePurchaseView.swift in Sources */ = {isa = PBXBuildFile; fileRef = D018AD602C9E6ACF005A14B9 /* PraisePurchaseView.swift */; };
		D018AD632C9E87F6005A14B9 /* ChatView.swift in Sources */ = {isa = PBXBuildFile; fileRef = D018AD622C9E87F6005A14B9 /* ChatView.swift */; };
		D018AD662C9ED5D4005A14B9 /* FirebaseAnalytics in Frameworks */ = {isa = PBXBuildFile; productRef = D018AD652C9ED5D4005A14B9 /* FirebaseAnalytics */; };
		D018AD682C9ED5D4005A14B9 /* FirebaseAnalyticsOnDeviceConversion in Frameworks */ = {isa = PBXBuildFile; productRef = D018AD672C9ED5D4005A14B9 /* FirebaseAnalyticsOnDeviceConversion */; };
		D018AD6A2C9ED5D4005A14B9 /* FirebaseAnalyticsWithoutAdIdSupport in Frameworks */ = {isa = PBXBuildFile; productRef = D018AD692C9ED5D4005A14B9 /* FirebaseAnalyticsWithoutAdIdSupport */; };
		D018AD6C2C9ED5D4005A14B9 /* FirebaseAppCheck in Frameworks */ = {isa = PBXBuildFile; productRef = D018AD6B2C9ED5D4005A14B9 /* FirebaseAppCheck */; };
		D018AD6E2C9ED5D4005A14B9 /* FirebaseAppDistribution-Beta in Frameworks */ = {isa = PBXBuildFile; productRef = D018AD6D2C9ED5D4005A14B9 /* FirebaseAppDistribution-Beta */; };
		D018AD702C9ED5D4005A14B9 /* FirebaseAuth in Frameworks */ = {isa = PBXBuildFile; productRef = D018AD6F2C9ED5D4005A14B9 /* FirebaseAuth */; };
		D018AD722C9ED5D4005A14B9 /* FirebaseAuthCombine-Community in Frameworks */ = {isa = PBXBuildFile; productRef = D018AD712C9ED5D4005A14B9 /* FirebaseAuthCombine-Community */; };
		D018AD742C9ED5D4005A14B9 /* FirebaseCrashlytics in Frameworks */ = {isa = PBXBuildFile; productRef = D018AD732C9ED5D4005A14B9 /* FirebaseCrashlytics */; };
		D018AD762C9ED5D4005A14B9 /* FirebaseDatabase in Frameworks */ = {isa = PBXBuildFile; productRef = D018AD752C9ED5D4005A14B9 /* FirebaseDatabase */; };
		D018AD782C9ED5D4005A14B9 /* FirebaseDynamicLinks in Frameworks */ = {isa = PBXBuildFile; productRef = D018AD772C9ED5D4005A14B9 /* FirebaseDynamicLinks */; };
		D018AD7A2C9ED5D4005A14B9 /* FirebaseFirestore in Frameworks */ = {isa = PBXBuildFile; productRef = D018AD792C9ED5D4005A14B9 /* FirebaseFirestore */; };
		D018AD7C2C9ED5D4005A14B9 /* FirebaseFirestoreCombine-Community in Frameworks */ = {isa = PBXBuildFile; productRef = D018AD7B2C9ED5D4005A14B9 /* FirebaseFirestoreCombine-Community */; };
		D018AD7E2C9ED5D4005A14B9 /* FirebaseFunctions in Frameworks */ = {isa = PBXBuildFile; productRef = D018AD7D2C9ED5D4005A14B9 /* FirebaseFunctions */; };
		D018AD802C9ED5D4005A14B9 /* FirebaseFunctionsCombine-Community in Frameworks */ = {isa = PBXBuildFile; productRef = D018AD7F2C9ED5D4005A14B9 /* FirebaseFunctionsCombine-Community */; };
		D018AD822C9ED5D4005A14B9 /* FirebaseInAppMessaging-Beta in Frameworks */ = {isa = PBXBuildFile; productRef = D018AD812C9ED5D4005A14B9 /* FirebaseInAppMessaging-Beta */; };
		D018AD842C9ED5D4005A14B9 /* FirebaseInstallations in Frameworks */ = {isa = PBXBuildFile; productRef = D018AD832C9ED5D4005A14B9 /* FirebaseInstallations */; };
		D018AD862C9ED5D4005A14B9 /* FirebaseMLModelDownloader in Frameworks */ = {isa = PBXBuildFile; productRef = D018AD852C9ED5D4005A14B9 /* FirebaseMLModelDownloader */; };
		D018AD882C9ED5D4005A14B9 /* FirebaseMessaging in Frameworks */ = {isa = PBXBuildFile; productRef = D018AD872C9ED5D4005A14B9 /* FirebaseMessaging */; };
		D018AD8A2C9ED5D4005A14B9 /* FirebasePerformance in Frameworks */ = {isa = PBXBuildFile; productRef = D018AD892C9ED5D4005A14B9 /* FirebasePerformance */; };
		D018AD8C2C9ED5D4005A14B9 /* FirebaseRemoteConfig in Frameworks */ = {isa = PBXBuildFile; productRef = D018AD8B2C9ED5D4005A14B9 /* FirebaseRemoteConfig */; };
		D018AD8E2C9ED5D4005A14B9 /* FirebaseStorage in Frameworks */ = {isa = PBXBuildFile; productRef = D018AD8D2C9ED5D4005A14B9 /* FirebaseStorage */; };
		D018AD902C9ED5D4005A14B9 /* FirebaseStorageCombine-Community in Frameworks */ = {isa = PBXBuildFile; productRef = D018AD8F2C9ED5D4005A14B9 /* FirebaseStorageCombine-Community */; };
		D018AD922C9ED5D4005A14B9 /* FirebaseVertexAI-Preview in Frameworks */ = {isa = PBXBuildFile; productRef = D018AD912C9ED5D4005A14B9 /* FirebaseVertexAI-Preview */; };
		D018AD942C9EDA84005A14B9 /* GoogleService-Info.plist in Resources */ = {isa = PBXBuildFile; fileRef = D018AD932C9EDA84005A14B9 /* GoogleService-Info.plist */; };
		D018AD962C9EEA83005A14B9 /* AsyncImageView.swift in Sources */ = {isa = PBXBuildFile; fileRef = D018AD952C9EEA82005A14B9 /* AsyncImageView.swift */; };
		D0445C2F2C71B3800059D522 /* SwiftiDateApp.swift in Sources */ = {isa = PBXBuildFile; fileRef = D0445C2E2C71B3800059D522 /* SwiftiDateApp.swift */; };
		D0445C312C71B3800059D522 /* ContentView.swift in Sources */ = {isa = PBXBuildFile; fileRef = D0445C302C71B3800059D522 /* ContentView.swift */; };
		D0445C332C71B3820059D522 /* Assets.xcassets in Resources */ = {isa = PBXBuildFile; fileRef = D0445C322C71B3820059D522 /* Assets.xcassets */; };
		D0445C362C71B3820059D522 /* Preview Assets.xcassets in Resources */ = {isa = PBXBuildFile; fileRef = D0445C352C71B3820059D522 /* Preview Assets.xcassets */; };
		D0445C402C71B3830059D522 /* SwiftiDateTests.swift in Sources */ = {isa = PBXBuildFile; fileRef = D0445C3F2C71B3830059D522 /* SwiftiDateTests.swift */; };
		D0445C4A2C71B3830059D522 /* SwiftiDateUITests.swift in Sources */ = {isa = PBXBuildFile; fileRef = D0445C492C71B3830059D522 /* SwiftiDateUITests.swift */; };
		D0445C4C2C71B3830059D522 /* SwiftiDateUITestsLaunchTests.swift in Sources */ = {isa = PBXBuildFile; fileRef = D0445C4B2C71B3830059D522 /* SwiftiDateUITestsLaunchTests.swift */; };
		D0445C592C71BFE70059D522 /* SwipeCardView.swift in Sources */ = {isa = PBXBuildFile; fileRef = D0445C582C71BFE70059D522 /* SwipeCardView.swift */; };
		D0445C5B2C71E5850059D522 /* ProfileView.swift in Sources */ = {isa = PBXBuildFile; fileRef = D0445C5A2C71E5850059D522 /* ProfileView.swift */; };
		D0445C5F2C71F1070059D522 /* EditProfileView.swift in Sources */ = {isa = PBXBuildFile; fileRef = D0445C5E2C71F1070059D522 /* EditProfileView.swift */; };
		D0445C612C722EF50059D522 /* PhotoSectionView.swift in Sources */ = {isa = PBXBuildFile; fileRef = D0445C602C722EF50059D522 /* PhotoSectionView.swift */; };
		D0445C652C72388D0059D522 /* FlowStack.swift in Sources */ = {isa = PBXBuildFile; fileRef = D0445C642C72388D0059D522 /* FlowStack.swift */; };
		D0445C672C7239C80059D522 /* InterestsView.swift in Sources */ = {isa = PBXBuildFile; fileRef = D0445C662C7239C80059D522 /* InterestsView.swift */; };
		D0445C692C723AE80059D522 /* FlowLayout.swift in Sources */ = {isa = PBXBuildFile; fileRef = D0445C682C723AE80059D522 /* FlowLayout.swift */; };
		D0445C6B2C7247050059D522 /* DegreePicker.swift in Sources */ = {isa = PBXBuildFile; fileRef = D0445C6A2C7247050059D522 /* DegreePicker.swift */; };
		D0445C6D2C72EA990059D522 /* SchoolInputView.swift in Sources */ = {isa = PBXBuildFile; fileRef = D0445C6C2C72EA990059D522 /* SchoolInputView.swift */; };
		D0445C6F2C72EDF10059D522 /* IndustryPicker.swift in Sources */ = {isa = PBXBuildFile; fileRef = D0445C6E2C72EDF00059D522 /* IndustryPicker.swift */; };
		D0445C712C72F7870059D522 /* JobInputView.swift in Sources */ = {isa = PBXBuildFile; fileRef = D0445C702C72F7870059D522 /* JobInputView.swift */; };
		D0445C732C72FB440059D522 /* HometownInputView.swift in Sources */ = {isa = PBXBuildFile; fileRef = D0445C722C72FB430059D522 /* HometownInputView.swift */; };
		D0445C752C73B4EF0059D522 /* LanguageSelectionView.swift in Sources */ = {isa = PBXBuildFile; fileRef = D0445C742C73B4EE0059D522 /* LanguageSelectionView.swift */; };
		D0445C772C73BF590059D522 /* HeightPickerView.swift in Sources */ = {isa = PBXBuildFile; fileRef = D0445C762C73BF590059D522 /* HeightPickerView.swift */; };
		D0445C792C73C0B30059D522 /* ZodiacPickerView.swift in Sources */ = {isa = PBXBuildFile; fileRef = D0445C782C73C0B30059D522 /* ZodiacPickerView.swift */; };
		D0445C7B2C73C74B0059D522 /* BloodTypePickerView.swift in Sources */ = {isa = PBXBuildFile; fileRef = D0445C7A2C73C74B0059D522 /* BloodTypePickerView.swift */; };
		D0445C7F2C73C9080059D522 /* LookingForView.swift in Sources */ = {isa = PBXBuildFile; fileRef = D0445C7E2C73C9080059D522 /* LookingForView.swift */; };
		D0445C812C73CA130059D522 /* PetSelectionView.swift in Sources */ = {isa = PBXBuildFile; fileRef = D0445C802C73CA130059D522 /* PetSelectionView.swift */; };
		D0445C832C73CBE70059D522 /* FitnessOptionsView.swift in Sources */ = {isa = PBXBuildFile; fileRef = D0445C822C73CBE70059D522 /* FitnessOptionsView.swift */; };
		D0445C852C73CDB60059D522 /* SmokingOptionsView.swift in Sources */ = {isa = PBXBuildFile; fileRef = D0445C842C73CDB60059D522 /* SmokingOptionsView.swift */; };
		D0445C872C73CEFB0059D522 /* DrinkOptionsView.swift in Sources */ = {isa = PBXBuildFile; fileRef = D0445C862C73CEFB0059D522 /* DrinkOptionsView.swift */; };
		D0445C892C73CF610059D522 /* VacationOptionsView.swift in Sources */ = {isa = PBXBuildFile; fileRef = D0445C882C73CF610059D522 /* VacationOptionsView.swift */; };
		D0445C8B2C73D0760059D522 /* DietPreferencesView.swift in Sources */ = {isa = PBXBuildFile; fileRef = D0445C8A2C73D0760059D522 /* DietPreferencesView.swift */; };
		D055E9922C8CCFBA00A97DD1 /* InterestSelectionView.swift in Sources */ = {isa = PBXBuildFile; fileRef = D055E9912C8CCFBA00A97DD1 /* InterestSelectionView.swift */; };
		D0DDDB052C9FA8AF00A78A87 /* ChatDetailView.swift in Sources */ = {isa = PBXBuildFile; fileRef = D0DDDB042C9FA8AF00A78A87 /* ChatDetailView.swift */; };
		D0DDDB072C9FDB1600A78A87 /* WhoLikedYouView.swift in Sources */ = {isa = PBXBuildFile; fileRef = D0DDDB062C9FDB1600A78A87 /* WhoLikedYouView.swift */; };
		D0DDDB092C9FDE0500A78A87 /* InteractiveContentView.swift in Sources */ = {isa = PBXBuildFile; fileRef = D0DDDB082C9FDE0500A78A87 /* InteractiveContentView.swift */; };
		D0DDDB0B2CA07A0E00A78A87 /* TurboView.swift in Sources */ = {isa = PBXBuildFile; fileRef = D0DDDB0A2CA07A0D00A78A87 /* TurboView.swift */; };
		D0DDDB0D2CA07A2400A78A87 /* FeaturedCardView.swift in Sources */ = {isa = PBXBuildFile; fileRef = D0DDDB0C2CA07A2400A78A87 /* FeaturedCardView.swift */; };
		D0DDDB0F2CA0E65F00A78A87 /* LocationManager.swift in Sources */ = {isa = PBXBuildFile; fileRef = D0DDDB0E2CA0E65F00A78A87 /* LocationManager.swift */; };
		D0DDDB122CA1008B00A78A87 /* KeychainAccess in Frameworks */ = {isa = PBXBuildFile; productRef = D0DDDB112CA1008B00A78A87 /* KeychainAccess */; };
		D0DDDB142CA10EAD00A78A87 /* SettingsView.swift in Sources */ = {isa = PBXBuildFile; fileRef = D0DDDB132CA10EAD00A78A87 /* SettingsView.swift */; };
		D0DDDB182CA11E5100A78A87 /* HelpView.swift in Sources */ = {isa = PBXBuildFile; fileRef = D0DDDB172CA11E5000A78A87 /* HelpView.swift */; };
		D0DDDB1A2CA1282B00A78A87 /* WhatIsSwiftiDateView.swift in Sources */ = {isa = PBXBuildFile; fileRef = D0DDDB192CA1282B00A78A87 /* WhatIsSwiftiDateView.swift */; };
		D0DDDB1C2CA1321300A78A87 /* IsSwiftiDatePaidView.swift in Sources */ = {isa = PBXBuildFile; fileRef = D0DDDB1B2CA1321300A78A87 /* IsSwiftiDatePaidView.swift */; };
		D0DDDB1E2CA138B200A78A87 /* HowToMatchAndChatView.swift in Sources */ = {isa = PBXBuildFile; fileRef = D0DDDB1D2CA138B200A78A87 /* HowToMatchAndChatView.swift */; };
		D0DDDB202CA13C5E00A78A87 /* WhoLikedMeView.swift in Sources */ = {isa = PBXBuildFile; fileRef = D0DDDB1F2CA13C5E00A78A87 /* WhoLikedMeView.swift */; };
		D0DDDB222CA1413600A78A87 /* WhyIsItHardToMatchView.swift in Sources */ = {isa = PBXBuildFile; fileRef = D0DDDB212CA1413600A78A87 /* WhyIsItHardToMatchView.swift */; };
		D0FA20B92C8CBAAB001C5D0E /* MeetWillingnessView.swift in Sources */ = {isa = PBXBuildFile; fileRef = D0FA20B82C8CBAAB001C5D0E /* MeetWillingnessView.swift */; };
/* End PBXBuildFile section */

/* Begin PBXContainerItemProxy section */
		D0445C3C2C71B3820059D522 /* PBXContainerItemProxy */ = {
			isa = PBXContainerItemProxy;
			containerPortal = D0445C232C71B3800059D522 /* Project object */;
			proxyType = 1;
			remoteGlobalIDString = D0445C2A2C71B3800059D522;
			remoteInfo = SwiftiDate;
		};
		D0445C462C71B3830059D522 /* PBXContainerItemProxy */ = {
			isa = PBXContainerItemProxy;
			containerPortal = D0445C232C71B3800059D522 /* Project object */;
			proxyType = 1;
			remoteGlobalIDString = D0445C2A2C71B3800059D522;
			remoteInfo = SwiftiDate;
		};
/* End PBXContainerItemProxy section */

/* Begin PBXFileReference section */
		D018AD5A2C9E57DF005A14B9 /* UserGuideView.swift */ = {isa = PBXFileReference; lastKnownFileType = sourcecode.swift; path = UserGuideView.swift; sourceTree = "<group>"; };
		D018AD5C2C9E6581005A14B9 /* TurboPurchaseView.swift */ = {isa = PBXFileReference; lastKnownFileType = sourcecode.swift; path = TurboPurchaseView.swift; sourceTree = "<group>"; };
		D018AD5E2C9E6976005A14B9 /* CrushPurchaseView.swift */ = {isa = PBXFileReference; lastKnownFileType = sourcecode.swift; path = CrushPurchaseView.swift; sourceTree = "<group>"; };
		D018AD602C9E6ACF005A14B9 /* PraisePurchaseView.swift */ = {isa = PBXFileReference; lastKnownFileType = sourcecode.swift; path = PraisePurchaseView.swift; sourceTree = "<group>"; };
		D018AD622C9E87F6005A14B9 /* ChatView.swift */ = {isa = PBXFileReference; lastKnownFileType = sourcecode.swift; path = ChatView.swift; sourceTree = "<group>"; };
		D018AD932C9EDA84005A14B9 /* GoogleService-Info.plist */ = {isa = PBXFileReference; fileEncoding = 4; lastKnownFileType = text.plist.xml; path = "GoogleService-Info.plist"; sourceTree = "<group>"; };
		D018AD952C9EEA82005A14B9 /* AsyncImageView.swift */ = {isa = PBXFileReference; lastKnownFileType = sourcecode.swift; path = AsyncImageView.swift; sourceTree = "<group>"; };
		D018AD972C9F1A0F005A14B9 /* Info.plist */ = {isa = PBXFileReference; lastKnownFileType = text.plist; path = Info.plist; sourceTree = "<group>"; };
		D0445C2B2C71B3800059D522 /* SwiftiDate.app */ = {isa = PBXFileReference; explicitFileType = wrapper.application; includeInIndex = 0; path = SwiftiDate.app; sourceTree = BUILT_PRODUCTS_DIR; };
		D0445C2E2C71B3800059D522 /* SwiftiDateApp.swift */ = {isa = PBXFileReference; lastKnownFileType = sourcecode.swift; path = SwiftiDateApp.swift; sourceTree = "<group>"; };
		D0445C302C71B3800059D522 /* ContentView.swift */ = {isa = PBXFileReference; lastKnownFileType = sourcecode.swift; path = ContentView.swift; sourceTree = "<group>"; };
		D0445C322C71B3820059D522 /* Assets.xcassets */ = {isa = PBXFileReference; lastKnownFileType = folder.assetcatalog; path = Assets.xcassets; sourceTree = "<group>"; };
		D0445C352C71B3820059D522 /* Preview Assets.xcassets */ = {isa = PBXFileReference; lastKnownFileType = folder.assetcatalog; path = "Preview Assets.xcassets"; sourceTree = "<group>"; };
		D0445C3B2C71B3820059D522 /* SwiftiDateTests.xctest */ = {isa = PBXFileReference; explicitFileType = wrapper.cfbundle; includeInIndex = 0; path = SwiftiDateTests.xctest; sourceTree = BUILT_PRODUCTS_DIR; };
		D0445C3F2C71B3830059D522 /* SwiftiDateTests.swift */ = {isa = PBXFileReference; lastKnownFileType = sourcecode.swift; path = SwiftiDateTests.swift; sourceTree = "<group>"; };
		D0445C452C71B3830059D522 /* SwiftiDateUITests.xctest */ = {isa = PBXFileReference; explicitFileType = wrapper.cfbundle; includeInIndex = 0; path = SwiftiDateUITests.xctest; sourceTree = BUILT_PRODUCTS_DIR; };
		D0445C492C71B3830059D522 /* SwiftiDateUITests.swift */ = {isa = PBXFileReference; lastKnownFileType = sourcecode.swift; path = SwiftiDateUITests.swift; sourceTree = "<group>"; };
		D0445C4B2C71B3830059D522 /* SwiftiDateUITestsLaunchTests.swift */ = {isa = PBXFileReference; lastKnownFileType = sourcecode.swift; path = SwiftiDateUITestsLaunchTests.swift; sourceTree = "<group>"; };
		D0445C582C71BFE70059D522 /* SwipeCardView.swift */ = {isa = PBXFileReference; lastKnownFileType = sourcecode.swift; path = SwipeCardView.swift; sourceTree = "<group>"; };
		D0445C5A2C71E5850059D522 /* ProfileView.swift */ = {isa = PBXFileReference; lastKnownFileType = sourcecode.swift; path = ProfileView.swift; sourceTree = "<group>"; };
		D0445C5E2C71F1070059D522 /* EditProfileView.swift */ = {isa = PBXFileReference; lastKnownFileType = sourcecode.swift; path = EditProfileView.swift; sourceTree = "<group>"; };
		D0445C602C722EF50059D522 /* PhotoSectionView.swift */ = {isa = PBXFileReference; lastKnownFileType = sourcecode.swift; path = PhotoSectionView.swift; sourceTree = "<group>"; };
		D0445C642C72388D0059D522 /* FlowStack.swift */ = {isa = PBXFileReference; lastKnownFileType = sourcecode.swift; path = FlowStack.swift; sourceTree = "<group>"; };
		D0445C662C7239C80059D522 /* InterestsView.swift */ = {isa = PBXFileReference; lastKnownFileType = sourcecode.swift; path = InterestsView.swift; sourceTree = "<group>"; };
		D0445C682C723AE80059D522 /* FlowLayout.swift */ = {isa = PBXFileReference; lastKnownFileType = sourcecode.swift; path = FlowLayout.swift; sourceTree = "<group>"; };
		D0445C6A2C7247050059D522 /* DegreePicker.swift */ = {isa = PBXFileReference; lastKnownFileType = sourcecode.swift; path = DegreePicker.swift; sourceTree = "<group>"; };
		D0445C6C2C72EA990059D522 /* SchoolInputView.swift */ = {isa = PBXFileReference; lastKnownFileType = sourcecode.swift; path = SchoolInputView.swift; sourceTree = "<group>"; };
		D0445C6E2C72EDF00059D522 /* IndustryPicker.swift */ = {isa = PBXFileReference; lastKnownFileType = sourcecode.swift; path = IndustryPicker.swift; sourceTree = "<group>"; };
		D0445C702C72F7870059D522 /* JobInputView.swift */ = {isa = PBXFileReference; lastKnownFileType = sourcecode.swift; path = JobInputView.swift; sourceTree = "<group>"; };
		D0445C722C72FB430059D522 /* HometownInputView.swift */ = {isa = PBXFileReference; lastKnownFileType = sourcecode.swift; path = HometownInputView.swift; sourceTree = "<group>"; };
		D0445C742C73B4EE0059D522 /* LanguageSelectionView.swift */ = {isa = PBXFileReference; lastKnownFileType = sourcecode.swift; path = LanguageSelectionView.swift; sourceTree = "<group>"; };
		D0445C762C73BF590059D522 /* HeightPickerView.swift */ = {isa = PBXFileReference; lastKnownFileType = sourcecode.swift; path = HeightPickerView.swift; sourceTree = "<group>"; };
		D0445C782C73C0B30059D522 /* ZodiacPickerView.swift */ = {isa = PBXFileReference; lastKnownFileType = sourcecode.swift; path = ZodiacPickerView.swift; sourceTree = "<group>"; };
		D0445C7A2C73C74B0059D522 /* BloodTypePickerView.swift */ = {isa = PBXFileReference; lastKnownFileType = sourcecode.swift; path = BloodTypePickerView.swift; sourceTree = "<group>"; };
		D0445C7E2C73C9080059D522 /* LookingForView.swift */ = {isa = PBXFileReference; lastKnownFileType = sourcecode.swift; path = LookingForView.swift; sourceTree = "<group>"; };
		D0445C802C73CA130059D522 /* PetSelectionView.swift */ = {isa = PBXFileReference; lastKnownFileType = sourcecode.swift; path = PetSelectionView.swift; sourceTree = "<group>"; };
		D0445C822C73CBE70059D522 /* FitnessOptionsView.swift */ = {isa = PBXFileReference; lastKnownFileType = sourcecode.swift; path = FitnessOptionsView.swift; sourceTree = "<group>"; };
		D0445C842C73CDB60059D522 /* SmokingOptionsView.swift */ = {isa = PBXFileReference; lastKnownFileType = sourcecode.swift; path = SmokingOptionsView.swift; sourceTree = "<group>"; };
		D0445C862C73CEFB0059D522 /* DrinkOptionsView.swift */ = {isa = PBXFileReference; lastKnownFileType = sourcecode.swift; path = DrinkOptionsView.swift; sourceTree = "<group>"; };
		D0445C882C73CF610059D522 /* VacationOptionsView.swift */ = {isa = PBXFileReference; lastKnownFileType = sourcecode.swift; path = VacationOptionsView.swift; sourceTree = "<group>"; };
		D0445C8A2C73D0760059D522 /* DietPreferencesView.swift */ = {isa = PBXFileReference; lastKnownFileType = sourcecode.swift; path = DietPreferencesView.swift; sourceTree = "<group>"; };
		D055E9912C8CCFBA00A97DD1 /* InterestSelectionView.swift */ = {isa = PBXFileReference; lastKnownFileType = sourcecode.swift; path = InterestSelectionView.swift; sourceTree = "<group>"; };
		D0DDDB042C9FA8AF00A78A87 /* ChatDetailView.swift */ = {isa = PBXFileReference; lastKnownFileType = sourcecode.swift; path = ChatDetailView.swift; sourceTree = "<group>"; };
		D0DDDB062C9FDB1600A78A87 /* WhoLikedYouView.swift */ = {isa = PBXFileReference; lastKnownFileType = sourcecode.swift; path = WhoLikedYouView.swift; sourceTree = "<group>"; };
		D0DDDB082C9FDE0500A78A87 /* InteractiveContentView.swift */ = {isa = PBXFileReference; lastKnownFileType = sourcecode.swift; path = InteractiveContentView.swift; sourceTree = "<group>"; };
		D0DDDB0A2CA07A0D00A78A87 /* TurboView.swift */ = {isa = PBXFileReference; lastKnownFileType = sourcecode.swift; path = TurboView.swift; sourceTree = "<group>"; };
		D0DDDB0C2CA07A2400A78A87 /* FeaturedCardView.swift */ = {isa = PBXFileReference; lastKnownFileType = sourcecode.swift; path = FeaturedCardView.swift; sourceTree = "<group>"; };
		D0DDDB0E2CA0E65F00A78A87 /* LocationManager.swift */ = {isa = PBXFileReference; lastKnownFileType = sourcecode.swift; path = LocationManager.swift; sourceTree = "<group>"; };
		D0DDDB132CA10EAD00A78A87 /* SettingsView.swift */ = {isa = PBXFileReference; lastKnownFileType = sourcecode.swift; path = SettingsView.swift; sourceTree = "<group>"; };
		D0DDDB172CA11E5000A78A87 /* HelpView.swift */ = {isa = PBXFileReference; lastKnownFileType = sourcecode.swift; path = HelpView.swift; sourceTree = "<group>"; };
		D0DDDB192CA1282B00A78A87 /* WhatIsSwiftiDateView.swift */ = {isa = PBXFileReference; lastKnownFileType = sourcecode.swift; path = WhatIsSwiftiDateView.swift; sourceTree = "<group>"; };
		D0DDDB1B2CA1321300A78A87 /* IsSwiftiDatePaidView.swift */ = {isa = PBXFileReference; lastKnownFileType = sourcecode.swift; path = IsSwiftiDatePaidView.swift; sourceTree = "<group>"; };
		D0DDDB1D2CA138B200A78A87 /* HowToMatchAndChatView.swift */ = {isa = PBXFileReference; lastKnownFileType = sourcecode.swift; path = HowToMatchAndChatView.swift; sourceTree = "<group>"; };
		D0DDDB1F2CA13C5E00A78A87 /* WhoLikedMeView.swift */ = {isa = PBXFileReference; lastKnownFileType = sourcecode.swift; path = WhoLikedMeView.swift; sourceTree = "<group>"; };
		D0DDDB212CA1413600A78A87 /* WhyIsItHardToMatchView.swift */ = {isa = PBXFileReference; lastKnownFileType = sourcecode.swift; path = WhyIsItHardToMatchView.swift; sourceTree = "<group>"; };
		D0FA20B82C8CBAAB001C5D0E /* MeetWillingnessView.swift */ = {isa = PBXFileReference; lastKnownFileType = sourcecode.swift; path = MeetWillingnessView.swift; sourceTree = "<group>"; };
/* End PBXFileReference section */

/* Begin PBXFrameworksBuildPhase section */
		D0445C282C71B3800059D522 /* Frameworks */ = {
			isa = PBXFrameworksBuildPhase;
			buildActionMask = 2147483647;
			files = (
				D018AD902C9ED5D4005A14B9 /* FirebaseStorageCombine-Community in Frameworks */,
				D018AD882C9ED5D4005A14B9 /* FirebaseMessaging in Frameworks */,
				D018AD862C9ED5D4005A14B9 /* FirebaseMLModelDownloader in Frameworks */,
				D018AD6C2C9ED5D4005A14B9 /* FirebaseAppCheck in Frameworks */,
				D018AD702C9ED5D4005A14B9 /* FirebaseAuth in Frameworks */,
				D018AD662C9ED5D4005A14B9 /* FirebaseAnalytics in Frameworks */,
				D018AD6E2C9ED5D4005A14B9 /* FirebaseAppDistribution-Beta in Frameworks */,
				D018AD6A2C9ED5D4005A14B9 /* FirebaseAnalyticsWithoutAdIdSupport in Frameworks */,
				D018AD742C9ED5D4005A14B9 /* FirebaseCrashlytics in Frameworks */,
				D018AD762C9ED5D4005A14B9 /* FirebaseDatabase in Frameworks */,
				D018AD802C9ED5D4005A14B9 /* FirebaseFunctionsCombine-Community in Frameworks */,
				D018AD722C9ED5D4005A14B9 /* FirebaseAuthCombine-Community in Frameworks */,
				D018AD8E2C9ED5D4005A14B9 /* FirebaseStorage in Frameworks */,
				D018AD682C9ED5D4005A14B9 /* FirebaseAnalyticsOnDeviceConversion in Frameworks */,
				D018AD7E2C9ED5D4005A14B9 /* FirebaseFunctions in Frameworks */,
				D018AD842C9ED5D4005A14B9 /* FirebaseInstallations in Frameworks */,
				D018AD8A2C9ED5D4005A14B9 /* FirebasePerformance in Frameworks */,
				D018AD7C2C9ED5D4005A14B9 /* FirebaseFirestoreCombine-Community in Frameworks */,
				D018AD7A2C9ED5D4005A14B9 /* FirebaseFirestore in Frameworks */,
				D018AD782C9ED5D4005A14B9 /* FirebaseDynamicLinks in Frameworks */,
				D0DDDB122CA1008B00A78A87 /* KeychainAccess in Frameworks */,
				D018AD822C9ED5D4005A14B9 /* FirebaseInAppMessaging-Beta in Frameworks */,
				D018AD922C9ED5D4005A14B9 /* FirebaseVertexAI-Preview in Frameworks */,
				D018AD8C2C9ED5D4005A14B9 /* FirebaseRemoteConfig in Frameworks */,
			);
			runOnlyForDeploymentPostprocessing = 0;
		};
		D0445C382C71B3820059D522 /* Frameworks */ = {
			isa = PBXFrameworksBuildPhase;
			buildActionMask = 2147483647;
			files = (
			);
			runOnlyForDeploymentPostprocessing = 0;
		};
		D0445C422C71B3830059D522 /* Frameworks */ = {
			isa = PBXFrameworksBuildPhase;
			buildActionMask = 2147483647;
			files = (
			);
			runOnlyForDeploymentPostprocessing = 0;
		};
/* End PBXFrameworksBuildPhase section */

/* Begin PBXGroup section */
		D0445C222C71B3800059D522 = {
			isa = PBXGroup;
			children = (
				D0445C2D2C71B3800059D522 /* SwiftiDate */,
				D0445C3E2C71B3830059D522 /* SwiftiDateTests */,
				D0445C482C71B3830059D522 /* SwiftiDateUITests */,
				D0445C2C2C71B3800059D522 /* Products */,
			);
			sourceTree = "<group>";
		};
		D0445C2C2C71B3800059D522 /* Products */ = {
			isa = PBXGroup;
			children = (
				D0445C2B2C71B3800059D522 /* SwiftiDate.app */,
				D0445C3B2C71B3820059D522 /* SwiftiDateTests.xctest */,
				D0445C452C71B3830059D522 /* SwiftiDateUITests.xctest */,
			);
			name = Products;
			sourceTree = "<group>";
		};
		D0445C2D2C71B3800059D522 /* SwiftiDate */ = {
			isa = PBXGroup;
			children = (
				D018AD972C9F1A0F005A14B9 /* Info.plist */,
				D018AD932C9EDA84005A14B9 /* GoogleService-Info.plist */,
				D0445C2E2C71B3800059D522 /* SwiftiDateApp.swift */,
				D0445C302C71B3800059D522 /* ContentView.swift */,
				D0445C322C71B3820059D522 /* Assets.xcassets */,
				D0445C342C71B3820059D522 /* Preview Content */,
				D0445C582C71BFE70059D522 /* SwipeCardView.swift */,
				D0445C5A2C71E5850059D522 /* ProfileView.swift */,
				D0445C5E2C71F1070059D522 /* EditProfileView.swift */,
				D0445C602C722EF50059D522 /* PhotoSectionView.swift */,
				D0445C642C72388D0059D522 /* FlowStack.swift */,
				D0445C662C7239C80059D522 /* InterestsView.swift */,
				D0445C682C723AE80059D522 /* FlowLayout.swift */,
				D0445C6A2C7247050059D522 /* DegreePicker.swift */,
				D0445C6C2C72EA990059D522 /* SchoolInputView.swift */,
				D0445C6E2C72EDF00059D522 /* IndustryPicker.swift */,
				D0445C702C72F7870059D522 /* JobInputView.swift */,
				D0445C722C72FB430059D522 /* HometownInputView.swift */,
				D0445C742C73B4EE0059D522 /* LanguageSelectionView.swift */,
				D0445C762C73BF590059D522 /* HeightPickerView.swift */,
				D0445C782C73C0B30059D522 /* ZodiacPickerView.swift */,
				D0445C7A2C73C74B0059D522 /* BloodTypePickerView.swift */,
				D0445C7E2C73C9080059D522 /* LookingForView.swift */,
				D0445C802C73CA130059D522 /* PetSelectionView.swift */,
				D0445C822C73CBE70059D522 /* FitnessOptionsView.swift */,
				D0445C842C73CDB60059D522 /* SmokingOptionsView.swift */,
				D0445C862C73CEFB0059D522 /* DrinkOptionsView.swift */,
				D0445C882C73CF610059D522 /* VacationOptionsView.swift */,
				D0445C8A2C73D0760059D522 /* DietPreferencesView.swift */,
				D0FA20B82C8CBAAB001C5D0E /* MeetWillingnessView.swift */,
				D055E9912C8CCFBA00A97DD1 /* InterestSelectionView.swift */,
				D018AD5A2C9E57DF005A14B9 /* UserGuideView.swift */,
				D018AD5C2C9E6581005A14B9 /* TurboPurchaseView.swift */,
				D018AD5E2C9E6976005A14B9 /* CrushPurchaseView.swift */,
				D018AD602C9E6ACF005A14B9 /* PraisePurchaseView.swift */,
				D018AD622C9E87F6005A14B9 /* ChatView.swift */,
				D018AD952C9EEA82005A14B9 /* AsyncImageView.swift */,
				D0DDDB042C9FA8AF00A78A87 /* ChatDetailView.swift */,
				D0DDDB062C9FDB1600A78A87 /* WhoLikedYouView.swift */,
				D0DDDB082C9FDE0500A78A87 /* InteractiveContentView.swift */,
				D0DDDB0A2CA07A0D00A78A87 /* TurboView.swift */,
				D0DDDB0C2CA07A2400A78A87 /* FeaturedCardView.swift */,
				D0DDDB0E2CA0E65F00A78A87 /* LocationManager.swift */,
				D0DDDB132CA10EAD00A78A87 /* SettingsView.swift */,
				D0DDDB172CA11E5000A78A87 /* HelpView.swift */,
				D0DDDB192CA1282B00A78A87 /* WhatIsSwiftiDateView.swift */,
				D0DDDB1B2CA1321300A78A87 /* IsSwiftiDatePaidView.swift */,
				D0DDDB1D2CA138B200A78A87 /* HowToMatchAndChatView.swift */,
				D0DDDB1F2CA13C5E00A78A87 /* WhoLikedMeView.swift */,
				D0DDDB212CA1413600A78A87 /* WhyIsItHardToMatchView.swift */,
			);
			path = SwiftiDate;
			sourceTree = "<group>";
		};
		D0445C342C71B3820059D522 /* Preview Content */ = {
			isa = PBXGroup;
			children = (
				D0445C352C71B3820059D522 /* Preview Assets.xcassets */,
			);
			path = "Preview Content";
			sourceTree = "<group>";
		};
		D0445C3E2C71B3830059D522 /* SwiftiDateTests */ = {
			isa = PBXGroup;
			children = (
				D0445C3F2C71B3830059D522 /* SwiftiDateTests.swift */,
			);
			path = SwiftiDateTests;
			sourceTree = "<group>";
		};
		D0445C482C71B3830059D522 /* SwiftiDateUITests */ = {
			isa = PBXGroup;
			children = (
				D0445C492C71B3830059D522 /* SwiftiDateUITests.swift */,
				D0445C4B2C71B3830059D522 /* SwiftiDateUITestsLaunchTests.swift */,
			);
			path = SwiftiDateUITests;
			sourceTree = "<group>";
		};
/* End PBXGroup section */

/* Begin PBXNativeTarget section */
		D0445C2A2C71B3800059D522 /* SwiftiDate */ = {
			isa = PBXNativeTarget;
			buildConfigurationList = D0445C4F2C71B3830059D522 /* Build configuration list for PBXNativeTarget "SwiftiDate" */;
			buildPhases = (
				D0445C272C71B3800059D522 /* Sources */,
				D0445C282C71B3800059D522 /* Frameworks */,
				D0445C292C71B3800059D522 /* Resources */,
			);
			buildRules = (
			);
			dependencies = (
			);
			name = SwiftiDate;
			packageProductDependencies = (
				D018AD652C9ED5D4005A14B9 /* FirebaseAnalytics */,
				D018AD672C9ED5D4005A14B9 /* FirebaseAnalyticsOnDeviceConversion */,
				D018AD692C9ED5D4005A14B9 /* FirebaseAnalyticsWithoutAdIdSupport */,
				D018AD6B2C9ED5D4005A14B9 /* FirebaseAppCheck */,
				D018AD6D2C9ED5D4005A14B9 /* FirebaseAppDistribution-Beta */,
				D018AD6F2C9ED5D4005A14B9 /* FirebaseAuth */,
				D018AD712C9ED5D4005A14B9 /* FirebaseAuthCombine-Community */,
				D018AD732C9ED5D4005A14B9 /* FirebaseCrashlytics */,
				D018AD752C9ED5D4005A14B9 /* FirebaseDatabase */,
				D018AD772C9ED5D4005A14B9 /* FirebaseDynamicLinks */,
				D018AD792C9ED5D4005A14B9 /* FirebaseFirestore */,
				D018AD7B2C9ED5D4005A14B9 /* FirebaseFirestoreCombine-Community */,
				D018AD7D2C9ED5D4005A14B9 /* FirebaseFunctions */,
				D018AD7F2C9ED5D4005A14B9 /* FirebaseFunctionsCombine-Community */,
				D018AD812C9ED5D4005A14B9 /* FirebaseInAppMessaging-Beta */,
				D018AD832C9ED5D4005A14B9 /* FirebaseInstallations */,
				D018AD852C9ED5D4005A14B9 /* FirebaseMLModelDownloader */,
				D018AD872C9ED5D4005A14B9 /* FirebaseMessaging */,
				D018AD892C9ED5D4005A14B9 /* FirebasePerformance */,
				D018AD8B2C9ED5D4005A14B9 /* FirebaseRemoteConfig */,
				D018AD8D2C9ED5D4005A14B9 /* FirebaseStorage */,
				D018AD8F2C9ED5D4005A14B9 /* FirebaseStorageCombine-Community */,
				D018AD912C9ED5D4005A14B9 /* FirebaseVertexAI-Preview */,
				D0DDDB112CA1008B00A78A87 /* KeychainAccess */,
			);
			productName = SwiftiDate;
			productReference = D0445C2B2C71B3800059D522 /* SwiftiDate.app */;
			productType = "com.apple.product-type.application";
		};
		D0445C3A2C71B3820059D522 /* SwiftiDateTests */ = {
			isa = PBXNativeTarget;
			buildConfigurationList = D0445C522C71B3830059D522 /* Build configuration list for PBXNativeTarget "SwiftiDateTests" */;
			buildPhases = (
				D0445C372C71B3820059D522 /* Sources */,
				D0445C382C71B3820059D522 /* Frameworks */,
				D0445C392C71B3820059D522 /* Resources */,
			);
			buildRules = (
			);
			dependencies = (
				D0445C3D2C71B3820059D522 /* PBXTargetDependency */,
			);
			name = SwiftiDateTests;
			productName = SwiftiDateTests;
			productReference = D0445C3B2C71B3820059D522 /* SwiftiDateTests.xctest */;
			productType = "com.apple.product-type.bundle.unit-test";
		};
		D0445C442C71B3830059D522 /* SwiftiDateUITests */ = {
			isa = PBXNativeTarget;
			buildConfigurationList = D0445C552C71B3830059D522 /* Build configuration list for PBXNativeTarget "SwiftiDateUITests" */;
			buildPhases = (
				D0445C412C71B3830059D522 /* Sources */,
				D0445C422C71B3830059D522 /* Frameworks */,
				D0445C432C71B3830059D522 /* Resources */,
			);
			buildRules = (
			);
			dependencies = (
				D0445C472C71B3830059D522 /* PBXTargetDependency */,
			);
			name = SwiftiDateUITests;
			productName = SwiftiDateUITests;
			productReference = D0445C452C71B3830059D522 /* SwiftiDateUITests.xctest */;
			productType = "com.apple.product-type.bundle.ui-testing";
		};
/* End PBXNativeTarget section */

/* Begin PBXProject section */
		D0445C232C71B3800059D522 /* Project object */ = {
			isa = PBXProject;
			attributes = {
				BuildIndependentTargetsInParallel = 1;
				LastSwiftUpdateCheck = 1520;
				LastUpgradeCheck = 1520;
				TargetAttributes = {
					D0445C2A2C71B3800059D522 = {
						CreatedOnToolsVersion = 15.2;
					};
					D0445C3A2C71B3820059D522 = {
						CreatedOnToolsVersion = 15.2;
						TestTargetID = D0445C2A2C71B3800059D522;
					};
					D0445C442C71B3830059D522 = {
						CreatedOnToolsVersion = 15.2;
						TestTargetID = D0445C2A2C71B3800059D522;
					};
				};
			};
			buildConfigurationList = D0445C262C71B3800059D522 /* Build configuration list for PBXProject "SwiftiDate" */;
			compatibilityVersion = "Xcode 14.0";
			developmentRegion = en;
			hasScannedForEncodings = 0;
			knownRegions = (
				en,
				Base,
			);
			mainGroup = D0445C222C71B3800059D522;
			packageReferences = (
				D018AD642C9ED3C2005A14B9 /* XCRemoteSwiftPackageReference "firebase-ios-sdk" */,
				D0DDDB102CA1008B00A78A87 /* XCRemoteSwiftPackageReference "KeychainAccess" */,
			);
			productRefGroup = D0445C2C2C71B3800059D522 /* Products */;
			projectDirPath = "";
			projectRoot = "";
			targets = (
				D0445C2A2C71B3800059D522 /* SwiftiDate */,
				D0445C3A2C71B3820059D522 /* SwiftiDateTests */,
				D0445C442C71B3830059D522 /* SwiftiDateUITests */,
			);
		};
/* End PBXProject section */

/* Begin PBXResourcesBuildPhase section */
		D0445C292C71B3800059D522 /* Resources */ = {
			isa = PBXResourcesBuildPhase;
			buildActionMask = 2147483647;
			files = (
				D0445C362C71B3820059D522 /* Preview Assets.xcassets in Resources */,
				D0445C332C71B3820059D522 /* Assets.xcassets in Resources */,
				D018AD942C9EDA84005A14B9 /* GoogleService-Info.plist in Resources */,
			);
			runOnlyForDeploymentPostprocessing = 0;
		};
		D0445C392C71B3820059D522 /* Resources */ = {
			isa = PBXResourcesBuildPhase;
			buildActionMask = 2147483647;
			files = (
			);
			runOnlyForDeploymentPostprocessing = 0;
		};
		D0445C432C71B3830059D522 /* Resources */ = {
			isa = PBXResourcesBuildPhase;
			buildActionMask = 2147483647;
			files = (
			);
			runOnlyForDeploymentPostprocessing = 0;
		};
/* End PBXResourcesBuildPhase section */

/* Begin PBXSourcesBuildPhase section */
		D0445C272C71B3800059D522 /* Sources */ = {
			isa = PBXSourcesBuildPhase;
			buildActionMask = 2147483647;
			files = (
				D0445C892C73CF610059D522 /* VacationOptionsView.swift in Sources */,
				D0445C5F2C71F1070059D522 /* EditProfileView.swift in Sources */,
				D0DDDB072C9FDB1600A78A87 /* WhoLikedYouView.swift in Sources */,
				D0DDDB0B2CA07A0E00A78A87 /* TurboView.swift in Sources */,
				D0DDDB092C9FDE0500A78A87 /* InteractiveContentView.swift in Sources */,
				D0445C832C73CBE70059D522 /* FitnessOptionsView.swift in Sources */,
				D0DDDB1A2CA1282B00A78A87 /* WhatIsSwiftiDateView.swift in Sources */,
				D0445C6B2C7247050059D522 /* DegreePicker.swift in Sources */,
				D018AD632C9E87F6005A14B9 /* ChatView.swift in Sources */,
				D018AD962C9EEA83005A14B9 /* AsyncImageView.swift in Sources */,
				D0445C5B2C71E5850059D522 /* ProfileView.swift in Sources */,
				D0445C872C73CEFB0059D522 /* DrinkOptionsView.swift in Sources */,
				D0445C7B2C73C74B0059D522 /* BloodTypePickerView.swift in Sources */,
				D018AD5D2C9E6581005A14B9 /* TurboPurchaseView.swift in Sources */,
				D0445C772C73BF590059D522 /* HeightPickerView.swift in Sources */,
				D018AD5F2C9E6976005A14B9 /* CrushPurchaseView.swift in Sources */,
				D0445C752C73B4EF0059D522 /* LanguageSelectionView.swift in Sources */,
				D0FA20B92C8CBAAB001C5D0E /* MeetWillingnessView.swift in Sources */,
				D0445C712C72F7870059D522 /* JobInputView.swift in Sources */,
				D0DDDB202CA13C5E00A78A87 /* WhoLikedMeView.swift in Sources */,
				D0445C8B2C73D0760059D522 /* DietPreferencesView.swift in Sources */,
				D0445C792C73C0B30059D522 /* ZodiacPickerView.swift in Sources */,
				D0445C7F2C73C9080059D522 /* LookingForView.swift in Sources */,
				D0445C672C7239C80059D522 /* InterestsView.swift in Sources */,
				D0445C312C71B3800059D522 /* ContentView.swift in Sources */,
				D0445C812C73CA130059D522 /* PetSelectionView.swift in Sources */,
				D0445C692C723AE80059D522 /* FlowLayout.swift in Sources */,
				D0DDDB142CA10EAD00A78A87 /* SettingsView.swift in Sources */,
				D018AD5B2C9E57DF005A14B9 /* UserGuideView.swift in Sources */,
				D0DDDB1C2CA1321300A78A87 /* IsSwiftiDatePaidView.swift in Sources */,
				D0DDDB222CA1413600A78A87 /* WhyIsItHardToMatchView.swift in Sources */,
				D0DDDB182CA11E5100A78A87 /* HelpView.swift in Sources */,
				D0445C852C73CDB60059D522 /* SmokingOptionsView.swift in Sources */,
				D0445C6D2C72EA990059D522 /* SchoolInputView.swift in Sources */,
				D0DDDB0D2CA07A2400A78A87 /* FeaturedCardView.swift in Sources */,
				D055E9922C8CCFBA00A97DD1 /* InterestSelectionView.swift in Sources */,
				D0445C2F2C71B3800059D522 /* SwiftiDateApp.swift in Sources */,
				D0445C592C71BFE70059D522 /* SwipeCardView.swift in Sources */,
				D0445C612C722EF50059D522 /* PhotoSectionView.swift in Sources */,
				D0DDDB052C9FA8AF00A78A87 /* ChatDetailView.swift in Sources */,
				D0445C652C72388D0059D522 /* FlowStack.swift in Sources */,
				D0445C732C72FB440059D522 /* HometownInputView.swift in Sources */,
				D018AD612C9E6ACF005A14B9 /* PraisePurchaseView.swift in Sources */,
				D0445C6F2C72EDF10059D522 /* IndustryPicker.swift in Sources */,
				D0DDDB1E2CA138B200A78A87 /* HowToMatchAndChatView.swift in Sources */,
				D0DDDB0F2CA0E65F00A78A87 /* LocationManager.swift in Sources */,
			);
			runOnlyForDeploymentPostprocessing = 0;
		};
		D0445C372C71B3820059D522 /* Sources */ = {
			isa = PBXSourcesBuildPhase;
			buildActionMask = 2147483647;
			files = (
				D0445C402C71B3830059D522 /* SwiftiDateTests.swift in Sources */,
			);
			runOnlyForDeploymentPostprocessing = 0;
		};
		D0445C412C71B3830059D522 /* Sources */ = {
			isa = PBXSourcesBuildPhase;
			buildActionMask = 2147483647;
			files = (
				D0445C4C2C71B3830059D522 /* SwiftiDateUITestsLaunchTests.swift in Sources */,
				D0445C4A2C71B3830059D522 /* SwiftiDateUITests.swift in Sources */,
			);
			runOnlyForDeploymentPostprocessing = 0;
		};
/* End PBXSourcesBuildPhase section */

/* Begin PBXTargetDependency section */
		D0445C3D2C71B3820059D522 /* PBXTargetDependency */ = {
			isa = PBXTargetDependency;
			target = D0445C2A2C71B3800059D522 /* SwiftiDate */;
			targetProxy = D0445C3C2C71B3820059D522 /* PBXContainerItemProxy */;
		};
		D0445C472C71B3830059D522 /* PBXTargetDependency */ = {
			isa = PBXTargetDependency;
			target = D0445C2A2C71B3800059D522 /* SwiftiDate */;
			targetProxy = D0445C462C71B3830059D522 /* PBXContainerItemProxy */;
		};
/* End PBXTargetDependency section */

/* Begin XCBuildConfiguration section */
		D0445C4D2C71B3830059D522 /* Debug */ = {
			isa = XCBuildConfiguration;
			buildSettings = {
				ALWAYS_SEARCH_USER_PATHS = NO;
				ASSETCATALOG_COMPILER_GENERATE_SWIFT_ASSET_SYMBOL_EXTENSIONS = YES;
				CLANG_ANALYZER_NONNULL = YES;
				CLANG_ANALYZER_NUMBER_OBJECT_CONVERSION = YES_AGGRESSIVE;
				CLANG_CXX_LANGUAGE_STANDARD = "gnu++20";
				CLANG_ENABLE_MODULES = YES;
				CLANG_ENABLE_OBJC_ARC = YES;
				CLANG_ENABLE_OBJC_WEAK = YES;
				CLANG_WARN_BLOCK_CAPTURE_AUTORELEASING = YES;
				CLANG_WARN_BOOL_CONVERSION = YES;
				CLANG_WARN_COMMA = YES;
				CLANG_WARN_CONSTANT_CONVERSION = YES;
				CLANG_WARN_DEPRECATED_OBJC_IMPLEMENTATIONS = YES;
				CLANG_WARN_DIRECT_OBJC_ISA_USAGE = YES_ERROR;
				CLANG_WARN_DOCUMENTATION_COMMENTS = YES;
				CLANG_WARN_EMPTY_BODY = YES;
				CLANG_WARN_ENUM_CONVERSION = YES;
				CLANG_WARN_INFINITE_RECURSION = YES;
				CLANG_WARN_INT_CONVERSION = YES;
				CLANG_WARN_NON_LITERAL_NULL_CONVERSION = YES;
				CLANG_WARN_OBJC_IMPLICIT_RETAIN_SELF = YES;
				CLANG_WARN_OBJC_LITERAL_CONVERSION = YES;
				CLANG_WARN_OBJC_ROOT_CLASS = YES_ERROR;
				CLANG_WARN_QUOTED_INCLUDE_IN_FRAMEWORK_HEADER = YES;
				CLANG_WARN_RANGE_LOOP_ANALYSIS = YES;
				CLANG_WARN_STRICT_PROTOTYPES = YES;
				CLANG_WARN_SUSPICIOUS_MOVE = YES;
				CLANG_WARN_UNGUARDED_AVAILABILITY = YES_AGGRESSIVE;
				CLANG_WARN_UNREACHABLE_CODE = YES;
				CLANG_WARN__DUPLICATE_METHOD_MATCH = YES;
				COPY_PHASE_STRIP = NO;
				DEBUG_INFORMATION_FORMAT = dwarf;
				ENABLE_STRICT_OBJC_MSGSEND = YES;
				ENABLE_TESTABILITY = YES;
				ENABLE_USER_SCRIPT_SANDBOXING = YES;
				GCC_C_LANGUAGE_STANDARD = gnu17;
				GCC_DYNAMIC_NO_PIC = NO;
				GCC_NO_COMMON_BLOCKS = YES;
				GCC_OPTIMIZATION_LEVEL = 0;
				GCC_PREPROCESSOR_DEFINITIONS = (
					"DEBUG=1",
					"$(inherited)",
				);
				GCC_WARN_64_TO_32_BIT_CONVERSION = YES;
				GCC_WARN_ABOUT_RETURN_TYPE = YES_ERROR;
				GCC_WARN_UNDECLARED_SELECTOR = YES;
				GCC_WARN_UNINITIALIZED_AUTOS = YES_AGGRESSIVE;
				GCC_WARN_UNUSED_FUNCTION = YES;
				GCC_WARN_UNUSED_VARIABLE = YES;
				IPHONEOS_DEPLOYMENT_TARGET = 17.2;
				LOCALIZATION_PREFERS_STRING_CATALOGS = YES;
				MTL_ENABLE_DEBUG_INFO = INCLUDE_SOURCE;
				MTL_FAST_MATH = YES;
				ONLY_ACTIVE_ARCH = YES;
				SDKROOT = iphoneos;
				SWIFT_ACTIVE_COMPILATION_CONDITIONS = "DEBUG $(inherited)";
				SWIFT_OPTIMIZATION_LEVEL = "-Onone";
			};
			name = Debug;
		};
		D0445C4E2C71B3830059D522 /* Release */ = {
			isa = XCBuildConfiguration;
			buildSettings = {
				ALWAYS_SEARCH_USER_PATHS = NO;
				ASSETCATALOG_COMPILER_GENERATE_SWIFT_ASSET_SYMBOL_EXTENSIONS = YES;
				CLANG_ANALYZER_NONNULL = YES;
				CLANG_ANALYZER_NUMBER_OBJECT_CONVERSION = YES_AGGRESSIVE;
				CLANG_CXX_LANGUAGE_STANDARD = "gnu++20";
				CLANG_ENABLE_MODULES = YES;
				CLANG_ENABLE_OBJC_ARC = YES;
				CLANG_ENABLE_OBJC_WEAK = YES;
				CLANG_WARN_BLOCK_CAPTURE_AUTORELEASING = YES;
				CLANG_WARN_BOOL_CONVERSION = YES;
				CLANG_WARN_COMMA = YES;
				CLANG_WARN_CONSTANT_CONVERSION = YES;
				CLANG_WARN_DEPRECATED_OBJC_IMPLEMENTATIONS = YES;
				CLANG_WARN_DIRECT_OBJC_ISA_USAGE = YES_ERROR;
				CLANG_WARN_DOCUMENTATION_COMMENTS = YES;
				CLANG_WARN_EMPTY_BODY = YES;
				CLANG_WARN_ENUM_CONVERSION = YES;
				CLANG_WARN_INFINITE_RECURSION = YES;
				CLANG_WARN_INT_CONVERSION = YES;
				CLANG_WARN_NON_LITERAL_NULL_CONVERSION = YES;
				CLANG_WARN_OBJC_IMPLICIT_RETAIN_SELF = YES;
				CLANG_WARN_OBJC_LITERAL_CONVERSION = YES;
				CLANG_WARN_OBJC_ROOT_CLASS = YES_ERROR;
				CLANG_WARN_QUOTED_INCLUDE_IN_FRAMEWORK_HEADER = YES;
				CLANG_WARN_RANGE_LOOP_ANALYSIS = YES;
				CLANG_WARN_STRICT_PROTOTYPES = YES;
				CLANG_WARN_SUSPICIOUS_MOVE = YES;
				CLANG_WARN_UNGUARDED_AVAILABILITY = YES_AGGRESSIVE;
				CLANG_WARN_UNREACHABLE_CODE = YES;
				CLANG_WARN__DUPLICATE_METHOD_MATCH = YES;
				COPY_PHASE_STRIP = NO;
				DEBUG_INFORMATION_FORMAT = "dwarf-with-dsym";
				ENABLE_NS_ASSERTIONS = NO;
				ENABLE_STRICT_OBJC_MSGSEND = YES;
				ENABLE_USER_SCRIPT_SANDBOXING = YES;
				GCC_C_LANGUAGE_STANDARD = gnu17;
				GCC_NO_COMMON_BLOCKS = YES;
				GCC_WARN_64_TO_32_BIT_CONVERSION = YES;
				GCC_WARN_ABOUT_RETURN_TYPE = YES_ERROR;
				GCC_WARN_UNDECLARED_SELECTOR = YES;
				GCC_WARN_UNINITIALIZED_AUTOS = YES_AGGRESSIVE;
				GCC_WARN_UNUSED_FUNCTION = YES;
				GCC_WARN_UNUSED_VARIABLE = YES;
				IPHONEOS_DEPLOYMENT_TARGET = 17.2;
				LOCALIZATION_PREFERS_STRING_CATALOGS = YES;
				MTL_ENABLE_DEBUG_INFO = NO;
				MTL_FAST_MATH = YES;
				SDKROOT = iphoneos;
				SWIFT_COMPILATION_MODE = wholemodule;
				VALIDATE_PRODUCT = YES;
			};
			name = Release;
		};
		D0445C502C71B3830059D522 /* Debug */ = {
			isa = XCBuildConfiguration;
			buildSettings = {
				ASSETCATALOG_COMPILER_APPICON_NAME = AppIcon;
				ASSETCATALOG_COMPILER_GLOBAL_ACCENT_COLOR_NAME = AccentColor;
				CODE_SIGN_STYLE = Automatic;
				CURRENT_PROJECT_VERSION = 1;
				DEVELOPMENT_ASSET_PATHS = "\"SwiftiDate/Preview Content\"";
				DEVELOPMENT_TEAM = 5YGLWU7828;
				ENABLE_PREVIEWS = YES;
				GENERATE_INFOPLIST_FILE = YES;
				INFOPLIST_FILE = SwiftiDate/Info.plist;
				INFOPLIST_KEY_NSLocationAlwaysAndWhenInUseUsageDescription = "Your location is required to find nearby matches.";
				INFOPLIST_KEY_UIApplicationSceneManifest_Generation = YES;
				INFOPLIST_KEY_UIApplicationSupportsIndirectInputEvents = YES;
				INFOPLIST_KEY_UILaunchScreen_Generation = YES;
				INFOPLIST_KEY_UISupportedInterfaceOrientations_iPad = "UIInterfaceOrientationPortrait UIInterfaceOrientationPortraitUpsideDown UIInterfaceOrientationLandscapeLeft UIInterfaceOrientationLandscapeRight";
				INFOPLIST_KEY_UISupportedInterfaceOrientations_iPhone = "UIInterfaceOrientationPortrait UIInterfaceOrientationLandscapeLeft UIInterfaceOrientationLandscapeRight";
				LD_RUNPATH_SEARCH_PATHS = (
					"$(inherited)",
					"@executable_path/Frameworks",
				);
				MARKETING_VERSION = 1.0;
				PRODUCT_BUNDLE_IDENTIFIER = stevenstudio.SwiftiDate;
				PRODUCT_NAME = "$(TARGET_NAME)";
				SWIFT_EMIT_LOC_STRINGS = YES;
				SWIFT_VERSION = 5.0;
				TARGETED_DEVICE_FAMILY = "1,2";
			};
			name = Debug;
		};
		D0445C512C71B3830059D522 /* Release */ = {
			isa = XCBuildConfiguration;
			buildSettings = {
				ASSETCATALOG_COMPILER_APPICON_NAME = AppIcon;
				ASSETCATALOG_COMPILER_GLOBAL_ACCENT_COLOR_NAME = AccentColor;
				CODE_SIGN_STYLE = Automatic;
				CURRENT_PROJECT_VERSION = 1;
				DEVELOPMENT_ASSET_PATHS = "\"SwiftiDate/Preview Content\"";
				DEVELOPMENT_TEAM = 5YGLWU7828;
				ENABLE_PREVIEWS = YES;
				GENERATE_INFOPLIST_FILE = YES;
				INFOPLIST_FILE = SwiftiDate/Info.plist;
				INFOPLIST_KEY_NSLocationAlwaysAndWhenInUseUsageDescription = "Your location is required to find nearby matches.";
				INFOPLIST_KEY_UIApplicationSceneManifest_Generation = YES;
				INFOPLIST_KEY_UIApplicationSupportsIndirectInputEvents = YES;
				INFOPLIST_KEY_UILaunchScreen_Generation = YES;
				INFOPLIST_KEY_UISupportedInterfaceOrientations_iPad = "UIInterfaceOrientationPortrait UIInterfaceOrientationPortraitUpsideDown UIInterfaceOrientationLandscapeLeft UIInterfaceOrientationLandscapeRight";
				INFOPLIST_KEY_UISupportedInterfaceOrientations_iPhone = "UIInterfaceOrientationPortrait UIInterfaceOrientationLandscapeLeft UIInterfaceOrientationLandscapeRight";
				LD_RUNPATH_SEARCH_PATHS = (
					"$(inherited)",
					"@executable_path/Frameworks",
				);
				MARKETING_VERSION = 1.0;
				PRODUCT_BUNDLE_IDENTIFIER = stevenstudio.SwiftiDate;
				PRODUCT_NAME = "$(TARGET_NAME)";
				SWIFT_EMIT_LOC_STRINGS = YES;
				SWIFT_VERSION = 5.0;
				TARGETED_DEVICE_FAMILY = "1,2";
			};
			name = Release;
		};
		D0445C532C71B3830059D522 /* Debug */ = {
			isa = XCBuildConfiguration;
			buildSettings = {
				ALWAYS_EMBED_SWIFT_STANDARD_LIBRARIES = YES;
				BUNDLE_LOADER = "$(TEST_HOST)";
				CODE_SIGN_STYLE = Automatic;
				CURRENT_PROJECT_VERSION = 1;
				DEVELOPMENT_TEAM = 5YGLWU7828;
				GENERATE_INFOPLIST_FILE = YES;
				IPHONEOS_DEPLOYMENT_TARGET = 17.2;
				MARKETING_VERSION = 1.0;
				PRODUCT_BUNDLE_IDENTIFIER = stevenstudio.SwiftiDateTests;
				PRODUCT_NAME = "$(TARGET_NAME)";
				SWIFT_EMIT_LOC_STRINGS = NO;
				SWIFT_VERSION = 5.0;
				TARGETED_DEVICE_FAMILY = "1,2";
				TEST_HOST = "$(BUILT_PRODUCTS_DIR)/SwiftiDate.app/$(BUNDLE_EXECUTABLE_FOLDER_PATH)/SwiftiDate";
			};
			name = Debug;
		};
		D0445C542C71B3830059D522 /* Release */ = {
			isa = XCBuildConfiguration;
			buildSettings = {
				ALWAYS_EMBED_SWIFT_STANDARD_LIBRARIES = YES;
				BUNDLE_LOADER = "$(TEST_HOST)";
				CODE_SIGN_STYLE = Automatic;
				CURRENT_PROJECT_VERSION = 1;
				DEVELOPMENT_TEAM = 5YGLWU7828;
				GENERATE_INFOPLIST_FILE = YES;
				IPHONEOS_DEPLOYMENT_TARGET = 17.2;
				MARKETING_VERSION = 1.0;
				PRODUCT_BUNDLE_IDENTIFIER = stevenstudio.SwiftiDateTests;
				PRODUCT_NAME = "$(TARGET_NAME)";
				SWIFT_EMIT_LOC_STRINGS = NO;
				SWIFT_VERSION = 5.0;
				TARGETED_DEVICE_FAMILY = "1,2";
				TEST_HOST = "$(BUILT_PRODUCTS_DIR)/SwiftiDate.app/$(BUNDLE_EXECUTABLE_FOLDER_PATH)/SwiftiDate";
			};
			name = Release;
		};
		D0445C562C71B3830059D522 /* Debug */ = {
			isa = XCBuildConfiguration;
			buildSettings = {
				ALWAYS_EMBED_SWIFT_STANDARD_LIBRARIES = YES;
				CODE_SIGN_STYLE = Automatic;
				CURRENT_PROJECT_VERSION = 1;
				DEVELOPMENT_TEAM = 5YGLWU7828;
				GENERATE_INFOPLIST_FILE = YES;
				MARKETING_VERSION = 1.0;
				PRODUCT_BUNDLE_IDENTIFIER = stevenstudio.SwiftiDateUITests;
				PRODUCT_NAME = "$(TARGET_NAME)";
				SWIFT_EMIT_LOC_STRINGS = NO;
				SWIFT_VERSION = 5.0;
				TARGETED_DEVICE_FAMILY = "1,2";
				TEST_TARGET_NAME = SwiftiDate;
			};
			name = Debug;
		};
		D0445C572C71B3830059D522 /* Release */ = {
			isa = XCBuildConfiguration;
			buildSettings = {
				ALWAYS_EMBED_SWIFT_STANDARD_LIBRARIES = YES;
				CODE_SIGN_STYLE = Automatic;
				CURRENT_PROJECT_VERSION = 1;
				DEVELOPMENT_TEAM = 5YGLWU7828;
				GENERATE_INFOPLIST_FILE = YES;
				MARKETING_VERSION = 1.0;
				PRODUCT_BUNDLE_IDENTIFIER = stevenstudio.SwiftiDateUITests;
				PRODUCT_NAME = "$(TARGET_NAME)";
				SWIFT_EMIT_LOC_STRINGS = NO;
				SWIFT_VERSION = 5.0;
				TARGETED_DEVICE_FAMILY = "1,2";
				TEST_TARGET_NAME = SwiftiDate;
			};
			name = Release;
		};
/* End XCBuildConfiguration section */

/* Begin XCConfigurationList section */
		D0445C262C71B3800059D522 /* Build configuration list for PBXProject "SwiftiDate" */ = {
			isa = XCConfigurationList;
			buildConfigurations = (
				D0445C4D2C71B3830059D522 /* Debug */,
				D0445C4E2C71B3830059D522 /* Release */,
			);
			defaultConfigurationIsVisible = 0;
			defaultConfigurationName = Release;
		};
		D0445C4F2C71B3830059D522 /* Build configuration list for PBXNativeTarget "SwiftiDate" */ = {
			isa = XCConfigurationList;
			buildConfigurations = (
				D0445C502C71B3830059D522 /* Debug */,
				D0445C512C71B3830059D522 /* Release */,
			);
			defaultConfigurationIsVisible = 0;
			defaultConfigurationName = Release;
		};
		D0445C522C71B3830059D522 /* Build configuration list for PBXNativeTarget "SwiftiDateTests" */ = {
			isa = XCConfigurationList;
			buildConfigurations = (
				D0445C532C71B3830059D522 /* Debug */,
				D0445C542C71B3830059D522 /* Release */,
			);
			defaultConfigurationIsVisible = 0;
			defaultConfigurationName = Release;
		};
		D0445C552C71B3830059D522 /* Build configuration list for PBXNativeTarget "SwiftiDateUITests" */ = {
			isa = XCConfigurationList;
			buildConfigurations = (
				D0445C562C71B3830059D522 /* Debug */,
				D0445C572C71B3830059D522 /* Release */,
			);
			defaultConfigurationIsVisible = 0;
			defaultConfigurationName = Release;
		};
/* End XCConfigurationList section */

/* Begin XCRemoteSwiftPackageReference section */
		D018AD642C9ED3C2005A14B9 /* XCRemoteSwiftPackageReference "firebase-ios-sdk" */ = {
			isa = XCRemoteSwiftPackageReference;
			repositoryURL = "https://github.com/firebase/firebase-ios-sdk";
			requirement = {
				kind = upToNextMajorVersion;
				minimumVersion = 11.2.0;
			};
		};
		D0DDDB102CA1008B00A78A87 /* XCRemoteSwiftPackageReference "KeychainAccess" */ = {
			isa = XCRemoteSwiftPackageReference;
			repositoryURL = "https://github.com/kishikawakatsumi/KeychainAccess";
			requirement = {
				branch = master;
				kind = branch;
			};
		};
/* End XCRemoteSwiftPackageReference section */

/* Begin XCSwiftPackageProductDependency section */
		D018AD652C9ED5D4005A14B9 /* FirebaseAnalytics */ = {
			isa = XCSwiftPackageProductDependency;
			package = D018AD642C9ED3C2005A14B9 /* XCRemoteSwiftPackageReference "firebase-ios-sdk" */;
			productName = FirebaseAnalytics;
		};
		D018AD672C9ED5D4005A14B9 /* FirebaseAnalyticsOnDeviceConversion */ = {
			isa = XCSwiftPackageProductDependency;
			package = D018AD642C9ED3C2005A14B9 /* XCRemoteSwiftPackageReference "firebase-ios-sdk" */;
			productName = FirebaseAnalyticsOnDeviceConversion;
		};
		D018AD692C9ED5D4005A14B9 /* FirebaseAnalyticsWithoutAdIdSupport */ = {
			isa = XCSwiftPackageProductDependency;
			package = D018AD642C9ED3C2005A14B9 /* XCRemoteSwiftPackageReference "firebase-ios-sdk" */;
			productName = FirebaseAnalyticsWithoutAdIdSupport;
		};
		D018AD6B2C9ED5D4005A14B9 /* FirebaseAppCheck */ = {
			isa = XCSwiftPackageProductDependency;
			package = D018AD642C9ED3C2005A14B9 /* XCRemoteSwiftPackageReference "firebase-ios-sdk" */;
			productName = FirebaseAppCheck;
		};
		D018AD6D2C9ED5D4005A14B9 /* FirebaseAppDistribution-Beta */ = {
			isa = XCSwiftPackageProductDependency;
			package = D018AD642C9ED3C2005A14B9 /* XCRemoteSwiftPackageReference "firebase-ios-sdk" */;
			productName = "FirebaseAppDistribution-Beta";
		};
		D018AD6F2C9ED5D4005A14B9 /* FirebaseAuth */ = {
			isa = XCSwiftPackageProductDependency;
			package = D018AD642C9ED3C2005A14B9 /* XCRemoteSwiftPackageReference "firebase-ios-sdk" */;
			productName = FirebaseAuth;
		};
		D018AD712C9ED5D4005A14B9 /* FirebaseAuthCombine-Community */ = {
			isa = XCSwiftPackageProductDependency;
			package = D018AD642C9ED3C2005A14B9 /* XCRemoteSwiftPackageReference "firebase-ios-sdk" */;
			productName = "FirebaseAuthCombine-Community";
		};
		D018AD732C9ED5D4005A14B9 /* FirebaseCrashlytics */ = {
			isa = XCSwiftPackageProductDependency;
			package = D018AD642C9ED3C2005A14B9 /* XCRemoteSwiftPackageReference "firebase-ios-sdk" */;
			productName = FirebaseCrashlytics;
		};
		D018AD752C9ED5D4005A14B9 /* FirebaseDatabase */ = {
			isa = XCSwiftPackageProductDependency;
			package = D018AD642C9ED3C2005A14B9 /* XCRemoteSwiftPackageReference "firebase-ios-sdk" */;
			productName = FirebaseDatabase;
		};
		D018AD772C9ED5D4005A14B9 /* FirebaseDynamicLinks */ = {
			isa = XCSwiftPackageProductDependency;
			package = D018AD642C9ED3C2005A14B9 /* XCRemoteSwiftPackageReference "firebase-ios-sdk" */;
			productName = FirebaseDynamicLinks;
		};
		D018AD792C9ED5D4005A14B9 /* FirebaseFirestore */ = {
			isa = XCSwiftPackageProductDependency;
			package = D018AD642C9ED3C2005A14B9 /* XCRemoteSwiftPackageReference "firebase-ios-sdk" */;
			productName = FirebaseFirestore;
		};
		D018AD7B2C9ED5D4005A14B9 /* FirebaseFirestoreCombine-Community */ = {
			isa = XCSwiftPackageProductDependency;
			package = D018AD642C9ED3C2005A14B9 /* XCRemoteSwiftPackageReference "firebase-ios-sdk" */;
			productName = "FirebaseFirestoreCombine-Community";
		};
		D018AD7D2C9ED5D4005A14B9 /* FirebaseFunctions */ = {
			isa = XCSwiftPackageProductDependency;
			package = D018AD642C9ED3C2005A14B9 /* XCRemoteSwiftPackageReference "firebase-ios-sdk" */;
			productName = FirebaseFunctions;
		};
		D018AD7F2C9ED5D4005A14B9 /* FirebaseFunctionsCombine-Community */ = {
			isa = XCSwiftPackageProductDependency;
			package = D018AD642C9ED3C2005A14B9 /* XCRemoteSwiftPackageReference "firebase-ios-sdk" */;
			productName = "FirebaseFunctionsCombine-Community";
		};
		D018AD812C9ED5D4005A14B9 /* FirebaseInAppMessaging-Beta */ = {
			isa = XCSwiftPackageProductDependency;
			package = D018AD642C9ED3C2005A14B9 /* XCRemoteSwiftPackageReference "firebase-ios-sdk" */;
			productName = "FirebaseInAppMessaging-Beta";
		};
		D018AD832C9ED5D4005A14B9 /* FirebaseInstallations */ = {
			isa = XCSwiftPackageProductDependency;
			package = D018AD642C9ED3C2005A14B9 /* XCRemoteSwiftPackageReference "firebase-ios-sdk" */;
			productName = FirebaseInstallations;
		};
		D018AD852C9ED5D4005A14B9 /* FirebaseMLModelDownloader */ = {
			isa = XCSwiftPackageProductDependency;
			package = D018AD642C9ED3C2005A14B9 /* XCRemoteSwiftPackageReference "firebase-ios-sdk" */;
			productName = FirebaseMLModelDownloader;
		};
		D018AD872C9ED5D4005A14B9 /* FirebaseMessaging */ = {
			isa = XCSwiftPackageProductDependency;
			package = D018AD642C9ED3C2005A14B9 /* XCRemoteSwiftPackageReference "firebase-ios-sdk" */;
			productName = FirebaseMessaging;
		};
		D018AD892C9ED5D4005A14B9 /* FirebasePerformance */ = {
			isa = XCSwiftPackageProductDependency;
			package = D018AD642C9ED3C2005A14B9 /* XCRemoteSwiftPackageReference "firebase-ios-sdk" */;
			productName = FirebasePerformance;
		};
		D018AD8B2C9ED5D4005A14B9 /* FirebaseRemoteConfig */ = {
			isa = XCSwiftPackageProductDependency;
			package = D018AD642C9ED3C2005A14B9 /* XCRemoteSwiftPackageReference "firebase-ios-sdk" */;
			productName = FirebaseRemoteConfig;
		};
		D018AD8D2C9ED5D4005A14B9 /* FirebaseStorage */ = {
			isa = XCSwiftPackageProductDependency;
			package = D018AD642C9ED3C2005A14B9 /* XCRemoteSwiftPackageReference "firebase-ios-sdk" */;
			productName = FirebaseStorage;
		};
		D018AD8F2C9ED5D4005A14B9 /* FirebaseStorageCombine-Community */ = {
			isa = XCSwiftPackageProductDependency;
			package = D018AD642C9ED3C2005A14B9 /* XCRemoteSwiftPackageReference "firebase-ios-sdk" */;
			productName = "FirebaseStorageCombine-Community";
		};
		D018AD912C9ED5D4005A14B9 /* FirebaseVertexAI-Preview */ = {
			isa = XCSwiftPackageProductDependency;
			package = D018AD642C9ED3C2005A14B9 /* XCRemoteSwiftPackageReference "firebase-ios-sdk" */;
			productName = "FirebaseVertexAI-Preview";
		};
		D0DDDB112CA1008B00A78A87 /* KeychainAccess */ = {
			isa = XCSwiftPackageProductDependency;
			package = D0DDDB102CA1008B00A78A87 /* XCRemoteSwiftPackageReference "KeychainAccess" */;
			productName = KeychainAccess;
		};
/* End XCSwiftPackageProductDependency section */
	};
	rootObject = D0445C232C71B3800059D522 /* Project object */;
}
